// !$*UTF8*$!
{
	archiveVersion = 1;
	classes = {
	};
	objectVersion = 50;
	objects = {

/* Begin PBXBuildFile section */
		84EC709D22092E3100460715 /* AppDelegate.swift in Sources */ = {isa = PBXBuildFile; fileRef = 84EC709C22092E3100460715 /* AppDelegate.swift */; };
		84EC70A222092E3100460715 /* Main.storyboard in Resources */ = {isa = PBXBuildFile; fileRef = 84EC70A022092E3100460715 /* Main.storyboard */; };
		84EC70A522092E3100460715 /* Co_Grocery_Image.xcdatamodeld in Sources */ = {isa = PBXBuildFile; fileRef = 84EC70A322092E3100460715 /* Co_Grocery_Image.xcdatamodeld */; };
		84EC70A722092E3500460715 /* Assets.xcassets in Resources */ = {isa = PBXBuildFile; fileRef = 84EC70A622092E3500460715 /* Assets.xcassets */; };
		84EC70AA22092E3500460715 /* LaunchScreen.storyboard in Resources */ = {isa = PBXBuildFile; fileRef = 84EC70A822092E3500460715 /* LaunchScreen.storyboard */; };
		84EC70B522092E3600460715 /* Co_Grocery_ImageTests.swift in Sources */ = {isa = PBXBuildFile; fileRef = 84EC70B422092E3600460715 /* Co_Grocery_ImageTests.swift */; };
		84EC70C022092E3600460715 /* Co_Grocery_ImageUITests.swift in Sources */ = {isa = PBXBuildFile; fileRef = 84EC70BF22092E3600460715 /* Co_Grocery_ImageUITests.swift */; };
		84EC70CF22092FA800460715 /* Item.swift in Sources */ = {isa = PBXBuildFile; fileRef = 84EC70CD22092FA800460715 /* Item.swift */; };
		84EC70D022092FA800460715 /* Item+CoreDataProperties.swift in Sources */ = {isa = PBXBuildFile; fileRef = 84EC70CE22092FA800460715 /* Item+CoreDataProperties.swift */; };
		84EC70D2220931D000460715 /* AddEditVC.swift in Sources */ = {isa = PBXBuildFile; fileRef = 84EC70D1220931D000460715 /* AddEditVC.swift */; };
		84EC70D42209342200460715 /* MainTVC.swift in Sources */ = {isa = PBXBuildFile; fileRef = 84EC70D32209342200460715 /* MainTVC.swift */; };
/* End PBXBuildFile section */

/* Begin PBXContainerItemProxy section */
		84EC70B122092E3600460715 /* PBXContainerItemProxy */ = {
			isa = PBXContainerItemProxy;
			containerPortal = 84EC709122092E3100460715 /* Project object */;
			proxyType = 1;
			remoteGlobalIDString = 84EC709822092E3100460715;
			remoteInfo = "Co-Grocery-Image";
		};
		84EC70BC22092E3600460715 /* PBXContainerItemProxy */ = {
			isa = PBXContainerItemProxy;
			containerPortal = 84EC709122092E3100460715 /* Project object */;
			proxyType = 1;
			remoteGlobalIDString = 84EC709822092E3100460715;
			remoteInfo = "Co-Grocery-Image";
		};
/* End PBXContainerItemProxy section */

/* Begin PBXFileReference section */
		84EC709922092E3100460715 /* Co-Grocery-Image.app */ = {isa = PBXFileReference; explicitFileType = wrapper.application; includeInIndex = 0; path = "Co-Grocery-Image.app"; sourceTree = BUILT_PRODUCTS_DIR; };
		84EC709C22092E3100460715 /* AppDelegate.swift */ = {isa = PBXFileReference; lastKnownFileType = sourcecode.swift; path = AppDelegate.swift; sourceTree = "<group>"; };
		84EC70A122092E3100460715 /* Base */ = {isa = PBXFileReference; lastKnownFileType = file.storyboard; name = Base; path = Base.lproj/Main.storyboard; sourceTree = "<group>"; };
		84EC70A422092E3100460715 /* Co_Grocery_Image.xcdatamodel */ = {isa = PBXFileReference; lastKnownFileType = wrapper.xcdatamodel; path = Co_Grocery_Image.xcdatamodel; sourceTree = "<group>"; };
		84EC70A622092E3500460715 /* Assets.xcassets */ = {isa = PBXFileReference; lastKnownFileType = folder.assetcatalog; path = Assets.xcassets; sourceTree = "<group>"; };
		84EC70A922092E3500460715 /* Base */ = {isa = PBXFileReference; lastKnownFileType = file.storyboard; name = Base; path = Base.lproj/LaunchScreen.storyboard; sourceTree = "<group>"; };
		84EC70AB22092E3500460715 /* Info.plist */ = {isa = PBXFileReference; lastKnownFileType = text.plist.xml; path = Info.plist; sourceTree = "<group>"; };
		84EC70B022092E3600460715 /* Co-Grocery-ImageTests.xctest */ = {isa = PBXFileReference; explicitFileType = wrapper.cfbundle; includeInIndex = 0; path = "Co-Grocery-ImageTests.xctest"; sourceTree = BUILT_PRODUCTS_DIR; };
		84EC70B422092E3600460715 /* Co_Grocery_ImageTests.swift */ = {isa = PBXFileReference; lastKnownFileType = sourcecode.swift; path = Co_Grocery_ImageTests.swift; sourceTree = "<group>"; };
		84EC70B622092E3600460715 /* Info.plist */ = {isa = PBXFileReference; lastKnownFileType = text.plist.xml; path = Info.plist; sourceTree = "<group>"; };
		84EC70BB22092E3600460715 /* Co-Grocery-ImageUITests.xctest */ = {isa = PBXFileReference; explicitFileType = wrapper.cfbundle; includeInIndex = 0; path = "Co-Grocery-ImageUITests.xctest"; sourceTree = BUILT_PRODUCTS_DIR; };
		84EC70BF22092E3600460715 /* Co_Grocery_ImageUITests.swift */ = {isa = PBXFileReference; lastKnownFileType = sourcecode.swift; path = Co_Grocery_ImageUITests.swift; sourceTree = "<group>"; };
		84EC70C122092E3600460715 /* Info.plist */ = {isa = PBXFileReference; lastKnownFileType = text.plist.xml; path = Info.plist; sourceTree = "<group>"; };
		84EC70CD22092FA800460715 /* Item.swift */ = {isa = PBXFileReference; lastKnownFileType = sourcecode.swift; path = Item.swift; sourceTree = "<group>"; };
		84EC70CE22092FA800460715 /* Item+CoreDataProperties.swift */ = {isa = PBXFileReference; lastKnownFileType = sourcecode.swift; path = "Item+CoreDataProperties.swift"; sourceTree = "<group>"; };
		84EC70D1220931D000460715 /* AddEditVC.swift */ = {isa = PBXFileReference; lastKnownFileType = sourcecode.swift; path = AddEditVC.swift; sourceTree = "<group>"; };
		84EC70D32209342200460715 /* MainTVC.swift */ = {isa = PBXFileReference; lastKnownFileType = sourcecode.swift; path = MainTVC.swift; sourceTree = "<group>"; };
/* End PBXFileReference section */

/* Begin PBXFrameworksBuildPhase section */
		84EC709622092E3100460715 /* Frameworks */ = {
			isa = PBXFrameworksBuildPhase;
			buildActionMask = 2147483647;
			files = (
			);
			runOnlyForDeploymentPostprocessing = 0;
		};
		84EC70AD22092E3600460715 /* Frameworks */ = {
			isa = PBXFrameworksBuildPhase;
			buildActionMask = 2147483647;
			files = (
			);
			runOnlyForDeploymentPostprocessing = 0;
		};
		84EC70B822092E3600460715 /* Frameworks */ = {
			isa = PBXFrameworksBuildPhase;
			buildActionMask = 2147483647;
			files = (
			);
			runOnlyForDeploymentPostprocessing = 0;
		};
/* End PBXFrameworksBuildPhase section */

/* Begin PBXGroup section */
		84EC709022092E3100460715 = {
			isa = PBXGroup;
			children = (
				84EC70CD22092FA800460715 /* Item.swift */,
				84EC70CE22092FA800460715 /* Item+CoreDataProperties.swift */,
				84EC709B22092E3100460715 /* Co-Grocery-Image */,
				84EC70B322092E3600460715 /* Co-Grocery-ImageTests */,
				84EC70BE22092E3600460715 /* Co-Grocery-ImageUITests */,
				84EC709A22092E3100460715 /* Products */,
			);
			sourceTree = "<group>";
		};
		84EC709A22092E3100460715 /* Products */ = {
			isa = PBXGroup;
			children = (
				84EC709922092E3100460715 /* Co-Grocery-Image.app */,
				84EC70B022092E3600460715 /* Co-Grocery-ImageTests.xctest */,
				84EC70BB22092E3600460715 /* Co-Grocery-ImageUITests.xctest */,
			);
			name = Products;
			sourceTree = "<group>";
		};
		84EC709B22092E3100460715 /* Co-Grocery-Image */ = {
			isa = PBXGroup;
			children = (
				84EC709C22092E3100460715 /* AppDelegate.swift */,
				84EC70A022092E3100460715 /* Main.storyboard */,
				84EC70A622092E3500460715 /* Assets.xcassets */,
				84EC70A822092E3500460715 /* LaunchScreen.storyboard */,
				84EC70AB22092E3500460715 /* Info.plist */,
				84EC70A322092E3100460715 /* Co_Grocery_Image.xcdatamodeld */,
				84EC70D1220931D000460715 /* AddEditVC.swift */,
				84EC70D32209342200460715 /* MainTVC.swift */,
			);
			path = "Co-Grocery-Image";
			sourceTree = "<group>";
		};
		84EC70B322092E3600460715 /* Co-Grocery-ImageTests */ = {
			isa = PBXGroup;
			children = (
				84EC70B422092E3600460715 /* Co_Grocery_ImageTests.swift */,
				84EC70B622092E3600460715 /* Info.plist */,
			);
			path = "Co-Grocery-ImageTests";
			sourceTree = "<group>";
		};
		84EC70BE22092E3600460715 /* Co-Grocery-ImageUITests */ = {
			isa = PBXGroup;
			children = (
				84EC70BF22092E3600460715 /* Co_Grocery_ImageUITests.swift */,
				84EC70C122092E3600460715 /* Info.plist */,
			);
			path = "Co-Grocery-ImageUITests";
			sourceTree = "<group>";
		};
/* End PBXGroup section */

/* Begin PBXNativeTarget section */
		84EC709822092E3100460715 /* Co-Grocery-Image */ = {
			isa = PBXNativeTarget;
			buildConfigurationList = 84EC70C422092E3600460715 /* Build configuration list for PBXNativeTarget "Co-Grocery-Image" */;
			buildPhases = (
				84EC709522092E3100460715 /* Sources */,
				84EC709622092E3100460715 /* Frameworks */,
				84EC709722092E3100460715 /* Resources */,
			);
			buildRules = (
			);
			dependencies = (
			);
			name = "Co-Grocery-Image";
			productName = "Co-Grocery-Image";
			productReference = 84EC709922092E3100460715 /* Co-Grocery-Image.app */;
			productType = "com.apple.product-type.application";
		};
		84EC70AF22092E3600460715 /* Co-Grocery-ImageTests */ = {
			isa = PBXNativeTarget;
			buildConfigurationList = 84EC70C722092E3600460715 /* Build configuration list for PBXNativeTarget "Co-Grocery-ImageTests" */;
			buildPhases = (
				84EC70AC22092E3600460715 /* Sources */,
				84EC70AD22092E3600460715 /* Frameworks */,
				84EC70AE22092E3600460715 /* Resources */,
			);
			buildRules = (
			);
			dependencies = (
				84EC70B222092E3600460715 /* PBXTargetDependency */,
			);
			name = "Co-Grocery-ImageTests";
			productName = "Co-Grocery-ImageTests";
			productReference = 84EC70B022092E3600460715 /* Co-Grocery-ImageTests.xctest */;
			productType = "com.apple.product-type.bundle.unit-test";
		};
		84EC70BA22092E3600460715 /* Co-Grocery-ImageUITests */ = {
			isa = PBXNativeTarget;
			buildConfigurationList = 84EC70CA22092E3600460715 /* Build configuration list for PBXNativeTarget "Co-Grocery-ImageUITests" */;
			buildPhases = (
				84EC70B722092E3600460715 /* Sources */,
				84EC70B822092E3600460715 /* Frameworks */,
				84EC70B922092E3600460715 /* Resources */,
			);
			buildRules = (
			);
			dependencies = (
				84EC70BD22092E3600460715 /* PBXTargetDependency */,
			);
			name = "Co-Grocery-ImageUITests";
			productName = "Co-Grocery-ImageUITests";
			productReference = 84EC70BB22092E3600460715 /* Co-Grocery-ImageUITests.xctest */;
			productType = "com.apple.product-type.bundle.ui-testing";
		};
/* End PBXNativeTarget section */

/* Begin PBXProject section */
		84EC709122092E3100460715 /* Project object */ = {
			isa = PBXProject;
			attributes = {
				LastSwiftUpdateCheck = 1010;
				LastUpgradeCheck = 1010;
				ORGANIZATIONNAME = Admin;
				TargetAttributes = {
					84EC709822092E3100460715 = {
						CreatedOnToolsVersion = 10.1;
					};
					84EC70AF22092E3600460715 = {
						CreatedOnToolsVersion = 10.1;
						TestTargetID = 84EC709822092E3100460715;
					};
					84EC70BA22092E3600460715 = {
						CreatedOnToolsVersion = 10.1;
						TestTargetID = 84EC709822092E3100460715;
					};
				};
			};
			buildConfigurationList = 84EC709422092E3100460715 /* Build configuration list for PBXProject "Co-Grocery-Image" */;
			compatibilityVersion = "Xcode 9.3";
			developmentRegion = en;
			hasScannedForEncodings = 0;
			knownRegions = (
				en,
				Base,
			);
			mainGroup = 84EC709022092E3100460715;
			productRefGroup = 84EC709A22092E3100460715 /* Products */;
			projectDirPath = "";
			projectRoot = "";
			targets = (
				84EC709822092E3100460715 /* Co-Grocery-Image */,
				84EC70AF22092E3600460715 /* Co-Grocery-ImageTests */,
				84EC70BA22092E3600460715 /* Co-Grocery-ImageUITests */,
			);
		};
/* End PBXProject section */

/* Begin PBXResourcesBuildPhase section */
		84EC709722092E3100460715 /* Resources */ = {
			isa = PBXResourcesBuildPhase;
			buildActionMask = 2147483647;
			files = (
				84EC70AA22092E3500460715 /* LaunchScreen.storyboard in Resources */,
				84EC70A722092E3500460715 /* Assets.xcassets in Resources */,
				84EC70A222092E3100460715 /* Main.storyboard in Resources */,
			);
			runOnlyForDeploymentPostprocessing = 0;
		};
		84EC70AE22092E3600460715 /* Resources */ = {
			isa = PBXResourcesBuildPhase;
			buildActionMask = 2147483647;
			files = (
			);
			runOnlyForDeploymentPostprocessing = 0;
		};
		84EC70B922092E3600460715 /* Resources */ = {
			isa = PBXResourcesBuildPhase;
			buildActionMask = 2147483647;
			files = (
			);
			runOnlyForDeploymentPostprocessing = 0;
		};
/* End PBXResourcesBuildPhase section */

/* Begin PBXSourcesBuildPhase section */
		84EC709522092E3100460715 /* Sources */ = {
			isa = PBXSourcesBuildPhase;
			buildActionMask = 2147483647;
			files = (
				84EC709D22092E3100460715 /* AppDelegate.swift in Sources */,
				84EC70CF22092FA800460715 /* Item.swift in Sources */,
				84EC70D2220931D000460715 /* AddEditVC.swift in Sources */,
				84EC70A522092E3100460715 /* Co_Grocery_Image.xcdatamodeld in Sources */,
				84EC70D42209342200460715 /* MainTVC.swift in Sources */,
				84EC70D022092FA800460715 /* Item+CoreDataProperties.swift in Sources */,
			);
			runOnlyForDeploymentPostprocessing = 0;
		};
		84EC70AC22092E3600460715 /* Sources */ = {
			isa = PBXSourcesBuildPhase;
			buildActionMask = 2147483647;
			files = (
				84EC70B522092E3600460715 /* Co_Grocery_ImageTests.swift in Sources */,
			);
			runOnlyForDeploymentPostprocessing = 0;
		};
		84EC70B722092E3600460715 /* Sources */ = {
			isa = PBXSourcesBuildPhase;
			buildActionMask = 2147483647;
			files = (
				84EC70C022092E3600460715 /* Co_Grocery_ImageUITests.swift in Sources */,
			);
			runOnlyForDeploymentPostprocessing = 0;
		};
/* End PBXSourcesBuildPhase section */

/* Begin PBXTargetDependency section */
		84EC70B222092E3600460715 /* PBXTargetDependency */ = {
			isa = PBXTargetDependency;
			target = 84EC709822092E3100460715 /* Co-Grocery-Image */;
			targetProxy = 84EC70B122092E3600460715 /* PBXContainerItemProxy */;
		};
		84EC70BD22092E3600460715 /* PBXTargetDependency */ = {
			isa = PBXTargetDependency;
			target = 84EC709822092E3100460715 /* Co-Grocery-Image */;
			targetProxy = 84EC70BC22092E3600460715 /* PBXContainerItemProxy */;
		};
/* End PBXTargetDependency section */

/* Begin PBXVariantGroup section */
		84EC70A022092E3100460715 /* Main.storyboard */ = {
			isa = PBXVariantGroup;
			children = (
				84EC70A122092E3100460715 /* Base */,
			);
			name = Main.storyboard;
			sourceTree = "<group>";
		};
		84EC70A822092E3500460715 /* LaunchScreen.storyboard */ = {
			isa = PBXVariantGroup;
			children = (
				84EC70A922092E3500460715 /* Base */,
			);
			name = LaunchScreen.storyboard;
			sourceTree = "<group>";
		};
/* End PBXVariantGroup section */

/* Begin XCBuildConfiguration section */
		84EC70C222092E3600460715 /* Debug */ = {
			isa = XCBuildConfiguration;
			buildSettings = {
				ALWAYS_SEARCH_USER_PATHS = NO;
				CLANG_ANALYZER_NONNULL = YES;
				CLANG_ANALYZER_NUMBER_OBJECT_CONVERSION = YES_AGGRESSIVE;
				CLANG_CXX_LANGUAGE_STANDARD = "gnu++14";
				CLANG_CXX_LIBRARY = "libc++";
				CLANG_ENABLE_MODULES = YES;
				CLANG_ENABLE_OBJC_ARC = YES;
				CLANG_ENABLE_OBJC_WEAK = YES;
				CLANG_WARN_BLOCK_CAPTURE_AUTORELEASING = YES;
				CLANG_WARN_BOOL_CONVERSION = YES;
				CLANG_WARN_COMMA = YES;
				CLANG_WARN_CONSTANT_CONVERSION = YES;
				CLANG_WARN_DEPRECATED_OBJC_IMPLEMENTATIONS = YES;
				CLANG_WARN_DIRECT_OBJC_ISA_USAGE = YES_ERROR;
				CLANG_WARN_DOCUMENTATION_COMMENTS = YES;
				CLANG_WARN_EMPTY_BODY = YES;
				CLANG_WARN_ENUM_CONVERSION = YES;
				CLANG_WARN_INFINITE_RECURSION = YES;
				CLANG_WARN_INT_CONVERSION = YES;
				CLANG_WARN_NON_LITERAL_NULL_CONVERSION = YES;
				CLANG_WARN_OBJC_IMPLICIT_RETAIN_SELF = YES;
				CLANG_WARN_OBJC_LITERAL_CONVERSION = YES;
				CLANG_WARN_OBJC_ROOT_CLASS = YES_ERROR;
				CLANG_WARN_RANGE_LOOP_ANALYSIS = YES;
				CLANG_WARN_STRICT_PROTOTYPES = YES;
				CLANG_WARN_SUSPICIOUS_MOVE = YES;
				CLANG_WARN_UNGUARDED_AVAILABILITY = YES_AGGRESSIVE;
				CLANG_WARN_UNREACHABLE_CODE = YES;
				CLANG_WARN__DUPLICATE_METHOD_MATCH = YES;
				CODE_SIGN_IDENTITY = "iPhone Developer";
				COPY_PHASE_STRIP = NO;
				DEBUG_INFORMATION_FORMAT = dwarf;
				ENABLE_STRICT_OBJC_MSGSEND = YES;
				ENABLE_TESTABILITY = YES;
				GCC_C_LANGUAGE_STANDARD = gnu11;
				GCC_DYNAMIC_NO_PIC = NO;
				GCC_NO_COMMON_BLOCKS = YES;
				GCC_OPTIMIZATION_LEVEL = 0;
				GCC_PREPROCESSOR_DEFINITIONS = (
					"DEBUG=1",
					"$(inherited)",
				);
				GCC_WARN_64_TO_32_BIT_CONVERSION = YES;
				GCC_WARN_ABOUT_RETURN_TYPE = YES_ERROR;
				GCC_WARN_UNDECLARED_SELECTOR = YES;
				GCC_WARN_UNINITIALIZED_AUTOS = YES_AGGRESSIVE;
				GCC_WARN_UNUSED_FUNCTION = YES;
				GCC_WARN_UNUSED_VARIABLE = YES;
				IPHONEOS_DEPLOYMENT_TARGET = 12.1;
				MTL_ENABLE_DEBUG_INFO = INCLUDE_SOURCE;
				MTL_FAST_MATH = YES;
				ONLY_ACTIVE_ARCH = YES;
				SDKROOT = iphoneos;
				SWIFT_ACTIVE_COMPILATION_CONDITIONS = DEBUG;
				SWIFT_OPTIMIZATION_LEVEL = "-Onone";
			};
			name = Debug;
		};
		84EC70C322092E3600460715 /* Release */ = {
			isa = XCBuildConfiguration;
			buildSettings = {
				ALWAYS_SEARCH_USER_PATHS = NO;
				CLANG_ANALYZER_NONNULL = YES;
				CLANG_ANALYZER_NUMBER_OBJECT_CONVERSION = YES_AGGRESSIVE;
				CLANG_CXX_LANGUAGE_STANDARD = "gnu++14";
				CLANG_CXX_LIBRARY = "libc++";
				CLANG_ENABLE_MODULES = YES;
				CLANG_ENABLE_OBJC_ARC = YES;
				CLANG_ENABLE_OBJC_WEAK = YES;
				CLANG_WARN_BLOCK_CAPTURE_AUTORELEASING = YES;
				CLANG_WARN_BOOL_CONVERSION = YES;
				CLANG_WARN_COMMA = YES;
				CLANG_WARN_CONSTANT_CONVERSION = YES;
				CLANG_WARN_DEPRECATED_OBJC_IMPLEMENTATIONS = YES;
				CLANG_WARN_DIRECT_OBJC_ISA_USAGE = YES_ERROR;
				CLANG_WARN_DOCUMENTATION_COMMENTS = YES;
				CLANG_WARN_EMPTY_BODY = YES;
				CLANG_WARN_ENUM_CONVERSION = YES;
				CLANG_WARN_INFINITE_RECURSION = YES;
				CLANG_WARN_INT_CONVERSION = YES;
				CLANG_WARN_NON_LITERAL_NULL_CONVERSION = YES;
				CLANG_WARN_OBJC_IMPLICIT_RETAIN_SELF = YES;
				CLANG_WARN_OBJC_LITERAL_CONVERSION = YES;
				CLANG_WARN_OBJC_ROOT_CLASS = YES_ERROR;
				CLANG_WARN_RANGE_LOOP_ANALYSIS = YES;
				CLANG_WARN_STRICT_PROTOTYPES = YES;
				CLANG_WARN_SUSPICIOUS_MOVE = YES;
				CLANG_WARN_UNGUARDED_AVAILABILITY = YES_AGGRESSIVE;
				CLANG_WARN_UNREACHABLE_CODE = YES;
				CLANG_WARN__DUPLICATE_METHOD_MATCH = YES;
				CODE_SIGN_IDENTITY = "iPhone Developer";
				COPY_PHASE_STRIP = NO;
				DEBUG_INFORMATION_FORMAT = "dwarf-with-dsym";
				ENABLE_NS_ASSERTIONS = NO;
				ENABLE_STRICT_OBJC_MSGSEND = YES;
				GCC_C_LANGUAGE_STANDARD = gnu11;
				GCC_NO_COMMON_BLOCKS = YES;
				GCC_WARN_64_TO_32_BIT_CONVERSION = YES;
				GCC_WARN_ABOUT_RETURN_TYPE = YES_ERROR;
				GCC_WARN_UNDECLARED_SELECTOR = YES;
				GCC_WARN_UNINITIALIZED_AUTOS = YES_AGGRESSIVE;
				GCC_WARN_UNUSED_FUNCTION = YES;
				GCC_WARN_UNUSED_VARIABLE = YES;
				IPHONEOS_DEPLOYMENT_TARGET = 12.1;
				MTL_ENABLE_DEBUG_INFO = NO;
				MTL_FAST_MATH = YES;
				SDKROOT = iphoneos;
				SWIFT_COMPILATION_MODE = wholemodule;
				SWIFT_OPTIMIZATION_LEVEL = "-O";
				VALIDATE_PRODUCT = YES;
			};
			name = Release;
		};
		84EC70C522092E3600460715 /* Debug */ = {
			isa = XCBuildConfiguration;
			buildSettings = {
				ASSETCATALOG_COMPILER_APPICON_NAME = AppIcon;
				CODE_SIGN_STYLE = Automatic;
				INFOPLIST_FILE = "Co-Grocery-Image/Info.plist";
				LD_RUNPATH_SEARCH_PATHS = (
					"$(inherited)",
					"@executable_path/Frameworks",
				);
				PRODUCT_BUNDLE_IDENTIFIER = "jjjmmmttt.Co-Grocery-Image";
				PRODUCT_NAME = "$(TARGET_NAME)";
				SWIFT_VERSION = 4.2;
				TARGETED_DEVICE_FAMILY = "1,2";
			};
			name = Debug;
		};
		84EC70C622092E3600460715 /* Release */ = {
			isa = XCBuildConfiguration;
			buildSettings = {
				ASSETCATALOG_COMPILER_APPICON_NAME = AppIcon;
				CODE_SIGN_STYLE = Automatic;
				INFOPLIST_FILE = "Co-Grocery-Image/Info.plist";
				LD_RUNPATH_SEARCH_PATHS = (
					"$(inherited)",
					"@executable_path/Frameworks",
				);
				PRODUCT_BUNDLE_IDENTIFIER = "jjjmmmttt.Co-Grocery-Image";
				PRODUCT_NAME = "$(TARGET_NAME)";
				SWIFT_VERSION = 4.2;
				TARGETED_DEVICE_FAMILY = "1,2";
			};
			name = Release;
		};
		84EC70C822092E3600460715 /* Debug */ = {
			isa = XCBuildConfiguration;
			buildSettings = {
				ALWAYS_EMBED_SWIFT_STANDARD_LIBRARIES = YES;
				BUNDLE_LOADER = "$(TEST_HOST)";
				CODE_SIGN_STYLE = Automatic;
				INFOPLIST_FILE = "Co-Grocery-ImageTests/Info.plist";
				LD_RUNPATH_SEARCH_PATHS = (
					"$(inherited)",
					"@executable_path/Frameworks",
					"@loader_path/Frameworks",
				);
				PRODUCT_BUNDLE_IDENTIFIER = "jjjmmmttt.Co-Grocery-ImageTests";
				PRODUCT_NAME = "$(TARGET_NAME)";
				SWIFT_VERSION = 4.2;
				TARGETED_DEVICE_FAMILY = "1,2";
				TEST_HOST = "$(BUILT_PRODUCTS_DIR)/Co-Grocery-Image.app/Co-Grocery-Image";
			};
			name = Debug;
		};
		84EC70C922092E3600460715 /* Release */ = {
			isa = XCBuildConfiguration;
			buildSettings = {
				ALWAYS_EMBED_SWIFT_STANDARD_LIBRARIES = YES;
				BUNDLE_LOADER = "$(TEST_HOST)";
				CODE_SIGN_STYLE = Automatic;
				INFOPLIST_FILE = "Co-Grocery-ImageTests/Info.plist";
				LD_RUNPATH_SEARCH_PATHS = (
					"$(inherited)",
					"@executable_path/Frameworks",
					"@loader_path/Frameworks",
				);
				PRODUCT_BUNDLE_IDENTIFIER = "jjjmmmttt.Co-Grocery-ImageTests";
				PRODUCT_NAME = "$(TARGET_NAME)";
				SWIFT_VERSION = 4.2;
				TARGETED_DEVICE_FAMILY = "1,2";
				TEST_HOST = "$(BUILT_PRODUCTS_DIR)/Co-Grocery-Image.app/Co-Grocery-Image";
			};
			name = Release;
		};
		84EC70CB22092E3600460715 /* Debug */ = {
			isa = XCBuildConfiguration;
			buildSettings = {
				ALWAYS_EMBED_SWIFT_STANDARD_LIBRARIES = YES;
				CODE_SIGN_STYLE = Automatic;
				INFOPLIST_FILE = "Co-Grocery-ImageUITests/Info.plist";
				LD_RUNPATH_SEARCH_PATHS = (
					"$(inherited)",
					"@executable_path/Frameworks",
					"@loader_path/Frameworks",
				);
				PRODUCT_BUNDLE_IDENTIFIER = "jjjmmmttt.Co-Grocery-ImageUITests";
				PRODUCT_NAME = "$(TARGET_NAME)";
				SWIFT_VERSION = 4.2;
				TARGETED_DEVICE_FAMILY = "1,2";
				TEST_TARGET_NAME = "Co-Grocery-Image";
			};
			name = Debug;
		};
		84EC70CC22092E3600460715 /* Release */ = {
			isa = XCBuildConfiguration;
			buildSettings = {
				ALWAYS_EMBED_SWIFT_STANDARD_LIBRARIES = YES;
				CODE_SIGN_STYLE = Automatic;
				INFOPLIST_FILE = "Co-Grocery-ImageUITests/Info.plist";
				LD_RUNPATH_SEARCH_PATHS = (
					"$(inherited)",
					"@executable_path/Frameworks",
					"@loader_path/Frameworks",
				);
				PRODUCT_BUNDLE_IDENTIFIER = "jjjmmmttt.Co-Grocery-ImageUITests";
				PRODUCT_NAME = "$(TARGET_NAME)";
				SWIFT_VERSION = 4.2;
				TARGETED_DEVICE_FAMILY = "1,2";
				TEST_TARGET_NAME = "Co-Grocery-Image";
			};
			name = Release;
		};
/* End XCBuildConfiguration section */

/* Begin XCConfigurationList section */
		84EC709422092E3100460715 /* Build configuration list for PBXProject "Co-Grocery-Image" */ = {
			isa = XCConfigurationList;
			buildConfigurations = (
				84EC70C222092E3600460715 /* Debug */,
				84EC70C322092E3600460715 /* Release */,
			);
			defaultConfigurationIsVisible = 0;
			defaultConfigurationName = Release;
		};
		84EC70C422092E3600460715 /* Build configuration list for PBXNativeTarget "Co-Grocery-Image" */ = {
			isa = XCConfigurationList;
			buildConfigurations = (
				84EC70C522092E3600460715 /* Debug */,
				84EC70C622092E3600460715 /* Release */,
			);
			defaultConfigurationIsVisible = 0;
			defaultConfigurationName = Release;
		};
		84EC70C722092E3600460715 /* Build configuration list for PBXNativeTarget "Co-Grocery-ImageTests" */ = {
			isa = XCConfigurationList;
			buildConfigurations = (
				84EC70C822092E3600460715 /* Debug */,
				84EC70C922092E3600460715 /* Release */,
			);
			defaultConfigurationIsVisible = 0;
			defaultConfigurationName = Release;
		};
		84EC70CA22092E3600460715 /* Build configuration list for PBXNativeTarget "Co-Grocery-ImageUITests" */ = {
			isa = XCConfigurationList;
			buildConfigurations = (
				84EC70CB22092E3600460715 /* Debug */,
				84EC70CC22092E3600460715 /* Release */,
			);
			defaultConfigurationIsVisible = 0;
			defaultConfigurationName = Release;
		};
/* End XCConfigurationList section */

/* Begin XCVersionGroup section */
		84EC70A322092E3100460715 /* Co_Grocery_Image.xcdatamodeld */ = {
			isa = XCVersionGroup;
			children = (
				84EC70A422092E3100460715 /* Co_Grocery_Image.xcdatamodel */,
			);
			currentVersion = 84EC70A422092E3100460715 /* Co_Grocery_Image.xcdatamodel */;
			path = Co_Grocery_Image.xcdatamodeld;
			sourceTree = "<group>";
			versionGroupType = wrapper.xcdatamodel;
		};
/* End XCVersionGroup section */
	};
	rootObject = 84EC709122092E3100460715 /* Project object */;
}
